Microsoft Visual Studio Solution File, Format Version 12.00
Project("{FAE04EC0-301F-11D3-BF4B-00C04F79EFBC}") = "RevitDevLoader.Addin.Modern", "src\RevitDevLoader.Addin.Modern\RevitDevLoader.Addin.Modern.csproj", "{5751779F-0E0F-4756-90E4-A7BA37EFA1B1}"
EndProject
Project("{FAE04EC0-301F-11D3-BF4B-00C04F79EFBC}") = "RevitDevLoader.Core", "src\RevitDevLoader.Core\RevitDevLoader.Core.csproj", "{391EB7E4-99A1-4788-9C69-284923F580A7}"
EndProject
Project("{FAE04EC0-301F-11D3-BF4B-00C04F79EFBC}") = "RevitDevLoader.Addin.Legacy", "src\RevitDevLoader.Addin.Legacy\RevitDevLoader.Addin.Legacy.csproj", "{88E14A69-13D0-43B9-822E-0B4CE8A61801}"
EndProject
Project("{FAE04EC0-301F-11D3-BF4B-00C04F79EFBC}") = "RevitDevLoader.Core.Tests", "tests\RevitDevLoader.Core.Tests\RevitDevLoader.Core.Tests.csproj", "{A1AACD47-6DC8-41D0-909B-7C18E63BDD53}"
EndProject
Global
	GlobalSection(SolutionConfigurationPlatforms) = preSolution
		Debug|Any CPU = Debug|Any CPU
		Release|Any CPU = Release|Any CPU
		Debug.R22|Any CPU = Debug.R22|Any CPU
		Debug.R23|Any CPU = Debug.R23|Any CPU
		Debug.R24|Any CPU = Debug.R24|Any CPU
		Debug.R25|Any CPU = Debug.R25|Any CPU
		Debug.R26|Any CPU = Debug.R26|Any CPU
		Release.R22|Any CPU = Release.R22|Any CPU
		Release.R23|Any CPU = Release.R23|Any CPU
		Release.R24|Any CPU = Release.R24|Any CPU
		Release.R25|Any CPU = Release.R25|Any CPU
		Release.R26|Any CPU = Release.R26|Any CPU
	EndGlobalSection
	GlobalSection(ProjectConfigurationPlatforms) = postSolution
		{5751779F-0E0F-4756-90E4-A7BA37EFA1B1}.Debug|Any CPU.ActiveCfg = Debug|Any CPU
		{5751779F-0E0F-4756-90E4-A7BA37EFA1B1}.Debug|Any CPU.Build.0 = Debug|Any CPU
		{5751779F-0E0F-4756-90E4-A7BA37EFA1B1}.Release|Any CPU.ActiveCfg = Release|Any CPU
		{5751779F-0E0F-4756-90E4-A7BA37EFA1B1}.Release|Any CPU.Build.0 = Release|Any CPU
		{5751779F-0E0F-4756-90E4-A7BA37EFA1B1}.Debug.R22|Any CPU.ActiveCfg = Debug|Any CPU
		{5751779F-0E0F-4756-90E4-A7BA37EFA1B1}.Debug.R23|Any CPU.ActiveCfg = Debug|Any CPU
		{5751779F-0E0F-4756-90E4-A7BA37EFA1B1}.Debug.R24|Any CPU.ActiveCfg = Debug|Any CPU
		{5751779F-0E0F-4756-90E4-A7BA37EFA1B1}.Debug.R25|Any CPU.ActiveCfg = Debug.R25|Any CPU
		{5751779F-0E0F-4756-90E4-A7BA37EFA1B1}.Debug.R25|Any CPU.Build.0 = Debug.R25|Any CPU
		{5751779F-0E0F-4756-90E4-A7BA37EFA1B1}.Debug.R26|Any CPU.ActiveCfg = Debug.R26|Any CPU
		{5751779F-0E0F-4756-90E4-A7BA37EFA1B1}.Debug.R26|Any CPU.Build.0 = Debug.R26|Any CPU
		{5751779F-0E0F-4756-90E4-A7BA37EFA1B1}.Release.R22|Any CPU.ActiveCfg = Release|Any CPU
		{5751779F-0E0F-4756-90E4-A7BA37EFA1B1}.Release.R23|Any CPU.ActiveCfg = Release|Any CPU
		{5751779F-0E0F-4756-90E4-A7BA37EFA1B1}.Release.R24|Any CPU.ActiveCfg = Release|Any CPU
		{5751779F-0E0F-4756-90E4-A7BA37EFA1B1}.Release.R25|Any CPU.ActiveCfg = Release.R25|Any CPU
		{5751779F-0E0F-4756-90E4-A7BA37EFA1B1}.Release.R25|Any CPU.Build.0 = Release.R25|Any CPU
		{5751779F-0E0F-4756-90E4-A7BA37EFA1B1}.Release.R26|Any CPU.ActiveCfg = Release.R26|Any CPU
		{5751779F-0E0F-4756-90E4-A7BA37EFA1B1}.Release.R26|Any CPU.Build.0 = Release.R26|Any CPU
		{391EB7E4-99A1-4788-9C69-284923F580A7}.Debug|Any CPU.ActiveCfg = Debug|Any CPU
		{391EB7E4-99A1-4788-9C69-284923F580A7}.Debug|Any CPU.Build.0 = Debug|Any CPU
		{391EB7E4-99A1-4788-9C69-284923F580A7}.Release|Any CPU.ActiveCfg = Release|Any CPU
		{391EB7E4-99A1-4788-9C69-284923F580A7}.Release|Any CPU.Build.0 = Release|Any CPU
		{391EB7E4-99A1-4788-9C69-284923F580A7}.Debug.R22|Any CPU.ActiveCfg = Debug.R22|Any CPU
		{391EB7E4-99A1-4788-9C69-284923F580A7}.Debug.R22|Any CPU.Build.0 = Debug.R22|Any CPU
		{391EB7E4-99A1-4788-9C69-284923F580A7}.Debug.R23|Any CPU.ActiveCfg = Debug.R23|Any CPU
		{391EB7E4-99A1-4788-9C69-284923F580A7}.Debug.R23|Any CPU.Build.0 = Debug.R23|Any CPU
		{391EB7E4-99A1-4788-9C69-284923F580A7}.Debug.R24|Any CPU.ActiveCfg = Debug.R24|Any CPU
		{391EB7E4-99A1-4788-9C69-284923F580A7}.Debug.R24|Any CPU.Build.0 = Debug.R24|Any CPU
		{391EB7E4-99A1-4788-9C69-284923F580A7}.Debug.R25|Any CPU.ActiveCfg = Debug.R25|Any CPU
		{391EB7E4-99A1-4788-9C69-284923F580A7}.Debug.R25|Any CPU.Build.0 = Debug.R25|Any CPU
		{391EB7E4-99A1-4788-9C69-284923F580A7}.Debug.R26|Any CPU.ActiveCfg = Debug.R26|Any CPU
		{391EB7E4-99A1-4788-9C69-284923F580A7}.Debug.R26|Any CPU.Build.0 = Debug.R26|Any CPU
		{391EB7E4-99A1-4788-9C69-284923F580A7}.Release.R22|Any CPU.ActiveCfg = Release.R22|Any CPU
		{391EB7E4-99A1-4788-9C69-284923F580A7}.Release.R22|Any CPU.Build.0 = Release.R22|Any CPU
		{391EB7E4-99A1-4788-9C69-284923F580A7}.Release.R23|Any CPU.ActiveCfg = Release.R23|Any CPU
		{391EB7E4-99A1-4788-9C69-284923F580A7}.Release.R23|Any CPU.Build.0 = Release.R23|Any CPU
		{391EB7E4-99A1-4788-9C69-284923F580A7}.Release.R24|Any CPU.ActiveCfg = Release.R24|Any CPU
		{391EB7E4-99A1-4788-9C69-284923F580A7}.Release.R24|Any CPU.Build.0 = Release.R24|Any CPU
		{391EB7E4-99A1-4788-9C69-284923F580A7}.Release.R25|Any CPU.ActiveCfg = Release.R25|Any CPU
		{391EB7E4-99A1-4788-9C69-284923F580A7}.Release.R25|Any CPU.Build.0 = Release.R25|Any CPU
		{391EB7E4-99A1-4788-9C69-284923F580A7}.Release.R26|Any CPU.ActiveCfg = Release.R26|Any CPU
		{391EB7E4-99A1-4788-9C69-284923F580A7}.Release.R26|Any CPU.Build.0 = Release.R26|Any CPU
		{88E14A69-13D0-43B9-822E-0B4CE8A61801}.Debug|Any CPU.ActiveCfg = Debug|Any CPU
		{88E14A69-13D0-43B9-822E-0B4CE8A61801}.Debug|Any CPU.Build.0 = Debug|Any CPU
		{88E14A69-13D0-43B9-822E-0B4CE8A61801}.Release|Any CPU.ActiveCfg = Release|Any CPU
		{88E14A69-13D0-43B9-822E-0B4CE8A61801}.Release|Any CPU.Build.0 = Release|Any CPU
		{88E14A69-13D0-43B9-822E-0B4CE8A61801}.Debug.R22|Any CPU.ActiveCfg = Debug.R22|Any CPU
		{88E14A69-13D0-43B9-822E-0B4CE8A61801}.Debug.R22|Any CPU.Build.0 = Debug.R22|Any CPU
		{88E14A69-13D0-43B9-822E-0B4CE8A61801}.Debug.R23|Any CPU.ActiveCfg = Debug.R23|Any CPU
		{88E14A69-13D0-43B9-822E-0B4CE8A61801}.Debug.R23|Any CPU.Build.0 = Debug.R23|Any CPU
		{88E14A69-13D0-43B9-822E-0B4CE8A61801}.Debug.R24|Any CPU.ActiveCfg = Debug.R24|Any CPU
		{88E14A69-13D0-43B9-822E-0B4CE8A61801}.Debug.R24|Any CPU.Build.0 = Debug.R24|Any CPU
		{88E14A69-13D0-43B9-822E-0B4CE8A61801}.Debug.R25|Any CPU.ActiveCfg = Debug|Any CPU
		{88E14A69-13D0-43B9-822E-0B4CE8A61801}.Debug.R26|Any CPU.ActiveCfg = Debug|Any CPU
		{88E14A69-13D0-43B9-822E-0B4CE8A61801}.Release.R22|Any CPU.ActiveCfg = Release.R22|Any CPU
		{88E14A69-13D0-43B9-822E-0B4CE8A61801}.Release.R22|Any CPU.Build.0 = Release.R22|Any CPU
		{88E14A69-13D0-43B9-822E-0B4CE8A61801}.Release.R23|Any CPU.ActiveCfg = Release.R23|Any CPU
		{88E14A69-13D0-43B9-822E-0B4CE8A61801}.Release.R23|Any CPU.Build.0 = Release.R23|Any CPU
		{88E14A69-13D0-43B9-822E-0B4CE8A61801}.Release.R24|Any CPU.ActiveCfg = Release.R24|Any CPU
		{88E14A69-13D0-43B9-822E-0B4CE8A61801}.Release.R24|Any CPU.Build.0 = Release.R24|Any CPU
		{88E14A69-13D0-43B9-822E-0B4CE8A61801}.Release.R25|Any CPU.ActiveCfg = Release|Any CPU
		{88E14A69-13D0-43B9-822E-0B4CE8A61801}.Release.R26|Any CPU.ActiveCfg = Release|Any CPU
		{A1AACD47-6DC8-41D0-909B-7C18E63BDD53}.Debug|Any CPU.ActiveCfg = Debug|Any CPU
		{A1AACD47-6DC8-41D0-909B-7C18E63BDD53}.Debug|Any CPU.Build.0 = Debug|Any CPU
		{A1AACD47-6DC8-41D0-909B-7C18E63BDD53}.Release|Any CPU.ActiveCfg = Release|Any CPU
		{A1AACD47-6DC8-41D0-909B-7C18E63BDD53}.Release|Any CPU.Build.0 = Release|Any CPU
		{A1AACD47-6DC8-41D0-909B-7C18E63BDD53}.Debug.R22|Any CPU.ActiveCfg = Debug|Any CPU
		{A1AACD47-6DC8-41D0-909B-7C18E63BDD53}.Debug.R22|Any CPU.Build.0 = Debug|Any CPU
		{A1AACD47-6DC8-41D0-909B-7C18E63BDD53}.Debug.R23|Any CPU.ActiveCfg = Debug|Any CPU
		{A1AACD47-6DC8-41D0-909B-7C18E63BDD53}.Debug.R23|Any CPU.Build.0 = Debug|Any CPU
		{A1AACD47-6DC8-41D0-909B-7C18E63BDD53}.Debug.R24|Any CPU.ActiveCfg = Debug|Any CPU
		{A1AACD47-6DC8-41D0-909B-7C18E63BDD53}.Debug.R24|Any CPU.Build.0 = Debug|Any CPU
		{A1AACD47-6DC8-41D0-909B-7C18E63BDD53}.Debug.R25|Any CPU.ActiveCfg = Debug|Any CPU
		{A1AACD47-6DC8-41D0-909B-7C18E63BDD53}.Debug.R25|Any CPU.Build.0 = Debug|Any CPU
		{A1AACD47-6DC8-41D0-909B-7C18E63BDD53}.Debug.R26|Any CPU.ActiveCfg = Debug|Any CPU
		{A1AACD47-6DC8-41D0-909B-7C18E63BDD53}.Debug.R26|Any CPU.Build.0 = Debug|Any CPU
		{A1AACD47-6DC8-41D0-909B-7C18E63BDD53}.Release.R22|Any CPU.ActiveCfg = Release|Any CPU
		{A1AACD47-6DC8-41D0-909B-7C18E63BDD53}.Release.R22|Any CPU.Build.0 = Release|Any CPU
		{A1AACD47-6DC8-41D0-909B-7C18E63BDD53}.Release.R23|Any CPU.ActiveCfg = Release|Any CPU
		{A1AACD47-6DC8-41D0-909B-7C18E63BDD53}.Release.R23|Any CPU.Build.0 = Release|Any CPU
		{A1AACD47-6DC8-41D0-909B-7C18E63BDD53}.Release.R24|Any CPU.ActiveCfg = Release|Any CPU
		{A1AACD47-6DC8-41D0-909B-7C18E63BDD53}.Release.R24|Any CPU.Build.0 = Release|Any CPU
		{A1AACD47-6DC8-41D0-909B-7C18E63BDD53}.Release.R25|Any CPU.ActiveCfg = Release|Any CPU
		{A1AACD47-6DC8-41D0-909B-7C18E63BDD53}.Release.R25|Any CPU.Build.0 = Release|Any CPU
		{A1AACD47-6DC8-41D0-909B-7C18E63BDD53}.Release.R26|Any CPU.ActiveCfg = Release|Any CPU
		{A1AACD47-6DC8-41D0-909B-7C18E63BDD53}.Release.R26|Any CPU.Build.0 = Release|Any CPU
	EndGlobalSection
EndGlobal
